
Microsoft Visual Studio Solution File, Format Version 12.00
# Visual Studio 15
VisualStudioVersion = 15.0.28307.1082
MinimumVisualStudioVersion = 10.0.40219.1
Project("{FAE04EC0-301F-11D3-BF4B-00C04F79EFBC}") = "Jogo_da_Velha", "Jogo_da_Velha\Jogo_da_Velha.csproj", "{88608E41-5554-46B1-A999-5D64DB5A3955}"
EndProject
Global
	GlobalSection(SolutionConfigurationPlatforms) = preSolution
		Debug|Any CPU = Debug|Any CPU
		Release|Any CPU = Release|Any CPU
	EndGlobalSection
	GlobalSection(ProjectConfigurationPlatforms) = postSolution
		{88608E41-5554-46B1-A999-5D64DB5A3955}.Debug|Any CPU.ActiveCfg = Debug|Any CPU
		{88608E41-5554-46B1-A999-5D64DB5A3955}.Debug|Any CPU.Build.0 = Debug|Any CPU
		{88608E41-5554-46B1-A999-5D64DB5A3955}.Release|Any CPU.ActiveCfg = Release|Any CPU
		{88608E41-5554-46B1-A999-5D64DB5A3955}.Release|Any CPU.Build.0 = Release|Any CPU
	EndGlobalSection
	GlobalSection(SolutionProperties) = preSolution
		HideSolutionNode = FALSE
	EndGlobalSection
	GlobalSection(ExtensibilityGlobals) = postSolution
		SolutionGuid = {C4F62D62-D009-49E2-A673-17D593178282}
	EndGlobalSection
EndGlobal
